// !$*UTF8*$!
{
	archiveVersion = 1;
	classes = {
	};
	objectVersion = 55;
	objects = {

/* Begin PBXBuildFile section */
		1B04606F275A6EC100F0BF22 /* ChoiceButton.swift in Sources */ = {isa = PBXBuildFile; fileRef = 1B04606E275A6EC100F0BF22 /* ChoiceButton.swift */; };
		1B6D885327624F730000CAB3 /* USport_CoreData.xcdatamodeld in Sources */ = {isa = PBXBuildFile; fileRef = 1B6D885127624F730000CAB3 /* USport_CoreData.xcdatamodeld */; };
		1B8AE4CD275E54890021E9AA /* ChoseActivity.swift in Sources */ = {isa = PBXBuildFile; fileRef = 1B8AE4CC275E54880021E9AA /* ChoseActivity.swift */; };
		1B8AE4D1275E72730021E9AA /* EditActivity.swift in Sources */ = {isa = PBXBuildFile; fileRef = 1B8AE4D0275E72730021E9AA /* EditActivity.swift */; };
		1B8C6AC627620B6D00F2E7FC /* ViewController.swift in Sources */ = {isa = PBXBuildFile; fileRef = 1B8C6AC527620B6D00F2E7FC /* ViewController.swift */; };
		1BEEFD9E275BA58D005A14CE /* History.swift in Sources */ = {isa = PBXBuildFile; fileRef = 1BEEFD9D275BA58D005A14CE /* History.swift */; };
		1BEFC52F2760FAC700A508BA /* Notification.swift in Sources */ = {isa = PBXBuildFile; fileRef = 1BEFC52E2760FAC700A508BA /* Notification.swift */; };
		1BFB2C832763713800E9A26E /* HealthKit.framework in Frameworks */ = {isa = PBXBuildFile; fileRef = 65AB8D182762743800081B05 /* HealthKit.framework */; };
		650C7C73275A0C5F0096215D /* USportApp.swift in Sources */ = {isa = PBXBuildFile; fileRef = 650C7C72275A0C5F0096215D /* USportApp.swift */; };
		650C7C77275A0C610096215D /* Assets.xcassets in Resources */ = {isa = PBXBuildFile; fileRef = 650C7C76275A0C610096215D /* Assets.xcassets */; };
		650C7C7A275A0C610096215D /* Preview Assets.xcassets in Resources */ = {isa = PBXBuildFile; fileRef = 650C7C79275A0C610096215D /* Preview Assets.xcassets */; };
		650C7C84275A0C620096215D /* USportTests.swift in Sources */ = {isa = PBXBuildFile; fileRef = 650C7C83275A0C620096215D /* USportTests.swift */; };
		650C7C8E275A0C620096215D /* USportUITests.swift in Sources */ = {isa = PBXBuildFile; fileRef = 650C7C8D275A0C620096215D /* USportUITests.swift */; };
		650C7C90275A0C620096215D /* USportUITestsLaunchTests.swift in Sources */ = {isa = PBXBuildFile; fileRef = 650C7C8F275A0C620096215D /* USportUITestsLaunchTests.swift */; };
		6517FB2E275E3DE40090D2EC /* Manager_Kcal.swift in Sources */ = {isa = PBXBuildFile; fileRef = 6517FB2D275E3DE40090D2EC /* Manager_Kcal.swift */; };
		6529C442276486F90026F270 /* Homepage.swift in Sources */ = {isa = PBXBuildFile; fileRef = 6529C441276486F90026F270 /* Homepage.swift */; };
		655078FA275CCDA90034BACB /* SwiftUICharts in Frameworks */ = {isa = PBXBuildFile; productRef = 655078F9275CCDA90034BACB /* SwiftUICharts */; };
		655078FC275D1AC80034BACB /* History_Filter.swift in Sources */ = {isa = PBXBuildFile; fileRef = 655078FB275D1AC80034BACB /* History_Filter.swift */; };
		65635FD3275A5EBC0076A9C8 /* User.swift in Sources */ = {isa = PBXBuildFile; fileRef = 65635FD2275A5EBC0076A9C8 /* User.swift */; };
		65635FD5275A5FF00076A9C8 /* PreviewAPP.swift in Sources */ = {isa = PBXBuildFile; fileRef = 65635FD4275A5FF00076A9C8 /* PreviewAPP.swift */; };
		65635FD7275A69530076A9C8 /* ChoseSport.swift in Sources */ = {isa = PBXBuildFile; fileRef = 65635FD6275A69530076A9C8 /* ChoseSport.swift */; };
		65635FD9275A696E0076A9C8 /* InsertData.swift in Sources */ = {isa = PBXBuildFile; fileRef = 65635FD8275A696E0076A9C8 /* InsertData.swift */; };
		65635FDB275A69870076A9C8 /* AddWorkout.swift in Sources */ = {isa = PBXBuildFile; fileRef = 65635FDA275A69870076A9C8 /* AddWorkout.swift */; };
		65635FDD275A69C00076A9C8 /* EditWorkout.swift in Sources */ = {isa = PBXBuildFile; fileRef = 65635FDC275A69C00076A9C8 /* EditWorkout.swift */; };
		65687C81276132BD0098F38F /* AddWorkout_Profile.swift in Sources */ = {isa = PBXBuildFile; fileRef = 65687C80276132BD0098F38F /* AddWorkout_Profile.swift */; };
		65687C83276132C50098F38F /* EditWorkout_Profile.swift in Sources */ = {isa = PBXBuildFile; fileRef = 65687C82276132C50098F38F /* EditWorkout_Profile.swift */; };
		65687C852761333B0098F38F /* Workouts.swift in Sources */ = {isa = PBXBuildFile; fileRef = 65687C842761333B0098F38F /* Workouts.swift */; };
		65687C87276133580098F38F /* DrawingsWorkouts.swift in Sources */ = {isa = PBXBuildFile; fileRef = 65687C86276133580098F38F /* DrawingsWorkouts.swift */; };
		65687C8E276133CE0098F38F /* UserCoreData+CoreDataProperties.swift in Sources */ = {isa = PBXBuildFile; fileRef = 65687C8C276133CE0098F38F /* UserCoreData+CoreDataProperties.swift */; };
		65687C8F276133CE0098F38F /* UserCoreData+CoreDataClass.swift in Sources */ = {isa = PBXBuildFile; fileRef = 65687C8D276133CE0098F38F /* UserCoreData+CoreDataClass.swift */; };
		6576E6AD275A14EB0022FD08 /* Sport.swift in Sources */ = {isa = PBXBuildFile; fileRef = 6576E6AC275A14EB0022FD08 /* Sport.swift */; };
		6576E6B1275A19340022FD08 /* Activity.swift in Sources */ = {isa = PBXBuildFile; fileRef = 6576E6B0275A19340022FD08 /* Activity.swift */; };
		6576E6B3275A19EB0022FD08 /* Workout.swift in Sources */ = {isa = PBXBuildFile; fileRef = 6576E6B2275A19EB0022FD08 /* Workout.swift */; };
		658439DE275F967500A8DAEE /* Table_Cal_Daily+CoreDataClass.swift in Sources */ = {isa = PBXBuildFile; fileRef = 658439DC275F967500A8DAEE /* Table_Cal_Daily+CoreDataClass.swift */; };
		658439DF275F967500A8DAEE /* Table_Cal_Daily+CoreDataProperties.swift in Sources */ = {isa = PBXBuildFile; fileRef = 658439DD275F967500A8DAEE /* Table_Cal_Daily+CoreDataProperties.swift */; };
		658439E2275F973F00A8DAEE /* CoreDataManager.swift in Sources */ = {isa = PBXBuildFile; fileRef = 658439E1275F973F00A8DAEE /* CoreDataManager.swift */; };
		65A025412761E62900F1C323 /* ActivityCoreData+CoreDataClass.swift in Sources */ = {isa = PBXBuildFile; fileRef = 65A0253F2761E62900F1C323 /* ActivityCoreData+CoreDataClass.swift */; };
		65A025422761E62900F1C323 /* ActivityCoreData+CoreDataProperties.swift in Sources */ = {isa = PBXBuildFile; fileRef = 65A025402761E62900F1C323 /* ActivityCoreData+CoreDataProperties.swift */; };
		65A025442761F9E800F1C323 /* ManagerUser.swift in Sources */ = {isa = PBXBuildFile; fileRef = 65A025432761F9E800F1C323 /* ManagerUser.swift */; };
		65A5BE8C275D248A00819933 /* RKColorSettings.swift in Sources */ = {isa = PBXBuildFile; fileRef = 65A5BE85275D248A00819933 /* RKColorSettings.swift */; };
		65A5BE8D275D248A00819933 /* RKColorSettings.swift in Sources */ = {isa = PBXBuildFile; fileRef = 65A5BE85275D248A00819933 /* RKColorSettings.swift */; };
		65A5BE8E275D248A00819933 /* RKColorSettings.swift in Sources */ = {isa = PBXBuildFile; fileRef = 65A5BE85275D248A00819933 /* RKColorSettings.swift */; };
		65A5BE8F275D248A00819933 /* RKWeekdayHeader.swift in Sources */ = {isa = PBXBuildFile; fileRef = 65A5BE86275D248A00819933 /* RKWeekdayHeader.swift */; };
		65A5BE90275D248A00819933 /* RKWeekdayHeader.swift in Sources */ = {isa = PBXBuildFile; fileRef = 65A5BE86275D248A00819933 /* RKWeekdayHeader.swift */; };
		65A5BE91275D248A00819933 /* RKWeekdayHeader.swift in Sources */ = {isa = PBXBuildFile; fileRef = 65A5BE86275D248A00819933 /* RKWeekdayHeader.swift */; };
		65A5BE92275D248A00819933 /* RKMonth.swift in Sources */ = {isa = PBXBuildFile; fileRef = 65A5BE87275D248A00819933 /* RKMonth.swift */; };
		65A5BE93275D248A00819933 /* RKMonth.swift in Sources */ = {isa = PBXBuildFile; fileRef = 65A5BE87275D248A00819933 /* RKMonth.swift */; };
		65A5BE94275D248A00819933 /* RKMonth.swift in Sources */ = {isa = PBXBuildFile; fileRef = 65A5BE87275D248A00819933 /* RKMonth.swift */; };
		65A5BE95275D248A00819933 /* RKViewController.swift in Sources */ = {isa = PBXBuildFile; fileRef = 65A5BE88275D248A00819933 /* RKViewController.swift */; };
		65A5BE96275D248A00819933 /* RKViewController.swift in Sources */ = {isa = PBXBuildFile; fileRef = 65A5BE88275D248A00819933 /* RKViewController.swift */; };
		65A5BE97275D248A00819933 /* RKViewController.swift in Sources */ = {isa = PBXBuildFile; fileRef = 65A5BE88275D248A00819933 /* RKViewController.swift */; };
		65A5BE98275D248A00819933 /* RKDate.swift in Sources */ = {isa = PBXBuildFile; fileRef = 65A5BE89275D248A00819933 /* RKDate.swift */; };
		65A5BE99275D248A00819933 /* RKDate.swift in Sources */ = {isa = PBXBuildFile; fileRef = 65A5BE89275D248A00819933 /* RKDate.swift */; };
		65A5BE9A275D248A00819933 /* RKDate.swift in Sources */ = {isa = PBXBuildFile; fileRef = 65A5BE89275D248A00819933 /* RKDate.swift */; };
		65A5BE9B275D248A00819933 /* RKCell.swift in Sources */ = {isa = PBXBuildFile; fileRef = 65A5BE8A275D248A00819933 /* RKCell.swift */; };
		65A5BE9C275D248A00819933 /* RKCell.swift in Sources */ = {isa = PBXBuildFile; fileRef = 65A5BE8A275D248A00819933 /* RKCell.swift */; };
		65A5BE9D275D248A00819933 /* RKCell.swift in Sources */ = {isa = PBXBuildFile; fileRef = 65A5BE8A275D248A00819933 /* RKCell.swift */; };
		65A5BE9E275D248A00819933 /* RKManager.swift in Sources */ = {isa = PBXBuildFile; fileRef = 65A5BE8B275D248A00819933 /* RKManager.swift */; };
		65A5BE9F275D248A00819933 /* RKManager.swift in Sources */ = {isa = PBXBuildFile; fileRef = 65A5BE8B275D248A00819933 /* RKManager.swift */; };
		65A5BEA0275D248A00819933 /* RKManager.swift in Sources */ = {isa = PBXBuildFile; fileRef = 65A5BE8B275D248A00819933 /* RKManager.swift */; };
		65AB8D172762519300081B05 /* Step.swift in Sources */ = {isa = PBXBuildFile; fileRef = 65AB8D162762519300081B05 /* Step.swift */; };
		65AB8D1F276361DE00081B05 /* Dashboard.swift in Sources */ = {isa = PBXBuildFile; fileRef = 65AB8D1E276361DE00081B05 /* Dashboard.swift */; };
		7DDB5D80275F9ADD008B071D /* Healthkit.swift in Sources */ = {isa = PBXBuildFile; fileRef = 7DDB5D7F275F9ADD008B071D /* Healthkit.swift */; };
		7DFC1FCC275CC1AD00335F63 /* Profile.swift in Sources */ = {isa = PBXBuildFile; fileRef = 7DFC1FCB275CC1AD00335F63 /* Profile.swift */; };
/* End PBXBuildFile section */

/* Begin PBXContainerItemProxy section */
		650C7C80275A0C620096215D /* PBXContainerItemProxy */ = {
			isa = PBXContainerItemProxy;
			containerPortal = 650C7C67275A0C5F0096215D /* Project object */;
			proxyType = 1;
			remoteGlobalIDString = 650C7C6E275A0C5F0096215D;
			remoteInfo = USport;
		};
		650C7C8A275A0C620096215D /* PBXContainerItemProxy */ = {
			isa = PBXContainerItemProxy;
			containerPortal = 650C7C67275A0C5F0096215D /* Project object */;
			proxyType = 1;
			remoteGlobalIDString = 650C7C6E275A0C5F0096215D;
			remoteInfo = USport;
		};
/* End PBXContainerItemProxy section */

/* Begin PBXFileReference section */
		1B04606E275A6EC100F0BF22 /* ChoiceButton.swift */ = {isa = PBXFileReference; lastKnownFileType = sourcecode.swift; path = ChoiceButton.swift; sourceTree = "<group>"; };
		1B6D884F27624F530000CAB3 /* USport_CoreData.xcdatamodel */ = {isa = PBXFileReference; lastKnownFileType = wrapper.xcdatamodel; path = USport_CoreData.xcdatamodel; sourceTree = "<group>"; };
		1B6D885227624F730000CAB3 /* USport_CoreData.xcdatamodel */ = {isa = PBXFileReference; lastKnownFileType = wrapper.xcdatamodel; path = USport_CoreData.xcdatamodel; sourceTree = "<group>"; };
		1B8AE4CC275E54880021E9AA /* ChoseActivity.swift */ = {isa = PBXFileReference; lastKnownFileType = sourcecode.swift; path = ChoseActivity.swift; sourceTree = "<group>"; };
		1B8AE4D0275E72730021E9AA /* EditActivity.swift */ = {isa = PBXFileReference; lastKnownFileType = sourcecode.swift; path = EditActivity.swift; sourceTree = "<group>"; };
		1B8C6AC527620B6D00F2E7FC /* ViewController.swift */ = {isa = PBXFileReference; lastKnownFileType = sourcecode.swift; path = ViewController.swift; sourceTree = "<group>"; };
		1BEEFD9D275BA58D005A14CE /* History.swift */ = {isa = PBXFileReference; lastKnownFileType = sourcecode.swift; path = History.swift; sourceTree = "<group>"; };
		1BEFC52E2760FAC700A508BA /* Notification.swift */ = {isa = PBXFileReference; lastKnownFileType = sourcecode.swift; path = Notification.swift; sourceTree = "<group>"; };
		650C7C6F275A0C5F0096215D /* USport.app */ = {isa = PBXFileReference; explicitFileType = wrapper.application; includeInIndex = 0; path = USport.app; sourceTree = BUILT_PRODUCTS_DIR; };
		650C7C72275A0C5F0096215D /* USportApp.swift */ = {isa = PBXFileReference; lastKnownFileType = sourcecode.swift; path = USportApp.swift; sourceTree = "<group>"; };
		650C7C76275A0C610096215D /* Assets.xcassets */ = {isa = PBXFileReference; lastKnownFileType = folder.assetcatalog; path = Assets.xcassets; sourceTree = "<group>"; };
		650C7C79275A0C610096215D /* Preview Assets.xcassets */ = {isa = PBXFileReference; lastKnownFileType = folder.assetcatalog; path = "Preview Assets.xcassets"; sourceTree = "<group>"; };
		650C7C7F275A0C620096215D /* USportTests.xctest */ = {isa = PBXFileReference; explicitFileType = wrapper.cfbundle; includeInIndex = 0; path = USportTests.xctest; sourceTree = BUILT_PRODUCTS_DIR; };
		650C7C83275A0C620096215D /* USportTests.swift */ = {isa = PBXFileReference; lastKnownFileType = sourcecode.swift; path = USportTests.swift; sourceTree = "<group>"; };
		650C7C89275A0C620096215D /* USportUITests.xctest */ = {isa = PBXFileReference; explicitFileType = wrapper.cfbundle; includeInIndex = 0; path = USportUITests.xctest; sourceTree = BUILT_PRODUCTS_DIR; };
		650C7C8D275A0C620096215D /* USportUITests.swift */ = {isa = PBXFileReference; lastKnownFileType = sourcecode.swift; path = USportUITests.swift; sourceTree = "<group>"; };
		650C7C8F275A0C620096215D /* USportUITestsLaunchTests.swift */ = {isa = PBXFileReference; lastKnownFileType = sourcecode.swift; path = USportUITestsLaunchTests.swift; sourceTree = "<group>"; };
		6517FB2D275E3DE40090D2EC /* Manager_Kcal.swift */ = {isa = PBXFileReference; lastKnownFileType = sourcecode.swift; path = Manager_Kcal.swift; sourceTree = "<group>"; };
		6529C441276486F90026F270 /* Homepage.swift */ = {isa = PBXFileReference; fileEncoding = 4; lastKnownFileType = sourcecode.swift; path = Homepage.swift; sourceTree = "<group>"; };
		655078FB275D1AC80034BACB /* History_Filter.swift */ = {isa = PBXFileReference; lastKnownFileType = sourcecode.swift; path = History_Filter.swift; sourceTree = "<group>"; };
		65635FD2275A5EBC0076A9C8 /* User.swift */ = {isa = PBXFileReference; lastKnownFileType = sourcecode.swift; path = User.swift; sourceTree = "<group>"; };
		65635FD4275A5FF00076A9C8 /* PreviewAPP.swift */ = {isa = PBXFileReference; lastKnownFileType = sourcecode.swift; path = PreviewAPP.swift; sourceTree = "<group>"; };
		65635FD6275A69530076A9C8 /* ChoseSport.swift */ = {isa = PBXFileReference; lastKnownFileType = sourcecode.swift; path = ChoseSport.swift; sourceTree = "<group>"; };
		65635FD8275A696E0076A9C8 /* InsertData.swift */ = {isa = PBXFileReference; lastKnownFileType = sourcecode.swift; path = InsertData.swift; sourceTree = "<group>"; };
		65635FDA275A69870076A9C8 /* AddWorkout.swift */ = {isa = PBXFileReference; lastKnownFileType = sourcecode.swift; path = AddWorkout.swift; sourceTree = "<group>"; };
		65635FDC275A69C00076A9C8 /* EditWorkout.swift */ = {isa = PBXFileReference; lastKnownFileType = sourcecode.swift; path = EditWorkout.swift; sourceTree = "<group>"; };
		65687C80276132BD0098F38F /* AddWorkout_Profile.swift */ = {isa = PBXFileReference; fileEncoding = 4; lastKnownFileType = sourcecode.swift; path = AddWorkout_Profile.swift; sourceTree = "<group>"; };
		65687C82276132C50098F38F /* EditWorkout_Profile.swift */ = {isa = PBXFileReference; fileEncoding = 4; lastKnownFileType = sourcecode.swift; path = EditWorkout_Profile.swift; sourceTree = "<group>"; };
		65687C842761333B0098F38F /* Workouts.swift */ = {isa = PBXFileReference; fileEncoding = 4; lastKnownFileType = sourcecode.swift; path = Workouts.swift; sourceTree = "<group>"; };
		65687C86276133580098F38F /* DrawingsWorkouts.swift */ = {isa = PBXFileReference; fileEncoding = 4; lastKnownFileType = sourcecode.swift; path = DrawingsWorkouts.swift; sourceTree = "<group>"; };
		65687C8C276133CE0098F38F /* UserCoreData+CoreDataProperties.swift */ = {isa = PBXFileReference; fileEncoding = 4; lastKnownFileType = sourcecode.swift; path = "UserCoreData+CoreDataProperties.swift"; sourceTree = "<group>"; };
		65687C8D276133CE0098F38F /* UserCoreData+CoreDataClass.swift */ = {isa = PBXFileReference; fileEncoding = 4; lastKnownFileType = sourcecode.swift; path = "UserCoreData+CoreDataClass.swift"; sourceTree = "<group>"; };
		6576E6AC275A14EB0022FD08 /* Sport.swift */ = {isa = PBXFileReference; lastKnownFileType = sourcecode.swift; path = Sport.swift; sourceTree = "<group>"; };
		6576E6B0275A19340022FD08 /* Activity.swift */ = {isa = PBXFileReference; lastKnownFileType = sourcecode.swift; path = Activity.swift; sourceTree = "<group>"; };
		6576E6B2275A19EB0022FD08 /* Workout.swift */ = {isa = PBXFileReference; lastKnownFileType = sourcecode.swift; path = Workout.swift; sourceTree = "<group>"; };
		658439DC275F967500A8DAEE /* Table_Cal_Daily+CoreDataClass.swift */ = {isa = PBXFileReference; lastKnownFileType = sourcecode.swift; path = "Table_Cal_Daily+CoreDataClass.swift"; sourceTree = "<group>"; };
		658439DD275F967500A8DAEE /* Table_Cal_Daily+CoreDataProperties.swift */ = {isa = PBXFileReference; lastKnownFileType = sourcecode.swift; path = "Table_Cal_Daily+CoreDataProperties.swift"; sourceTree = "<group>"; };
		658439E1275F973F00A8DAEE /* CoreDataManager.swift */ = {isa = PBXFileReference; lastKnownFileType = sourcecode.swift; path = CoreDataManager.swift; sourceTree = "<group>"; };
		65A0253F2761E62900F1C323 /* ActivityCoreData+CoreDataClass.swift */ = {isa = PBXFileReference; lastKnownFileType = sourcecode.swift; path = "ActivityCoreData+CoreDataClass.swift"; sourceTree = "<group>"; };
		65A025402761E62900F1C323 /* ActivityCoreData+CoreDataProperties.swift */ = {isa = PBXFileReference; lastKnownFileType = sourcecode.swift; path = "ActivityCoreData+CoreDataProperties.swift"; sourceTree = "<group>"; };
		65A025432761F9E800F1C323 /* ManagerUser.swift */ = {isa = PBXFileReference; lastKnownFileType = sourcecode.swift; path = ManagerUser.swift; sourceTree = "<group>"; };
		65A5BE85275D248A00819933 /* RKColorSettings.swift */ = {isa = PBXFileReference; fileEncoding = 4; lastKnownFileType = sourcecode.swift; path = RKColorSettings.swift; sourceTree = "<group>"; };
		65A5BE86275D248A00819933 /* RKWeekdayHeader.swift */ = {isa = PBXFileReference; fileEncoding = 4; lastKnownFileType = sourcecode.swift; path = RKWeekdayHeader.swift; sourceTree = "<group>"; };
		65A5BE87275D248A00819933 /* RKMonth.swift */ = {isa = PBXFileReference; fileEncoding = 4; lastKnownFileType = sourcecode.swift; path = RKMonth.swift; sourceTree = "<group>"; };
		65A5BE88275D248A00819933 /* RKViewController.swift */ = {isa = PBXFileReference; fileEncoding = 4; lastKnownFileType = sourcecode.swift; path = RKViewController.swift; sourceTree = "<group>"; };
		65A5BE89275D248A00819933 /* RKDate.swift */ = {isa = PBXFileReference; fileEncoding = 4; lastKnownFileType = sourcecode.swift; path = RKDate.swift; sourceTree = "<group>"; };
		65A5BE8A275D248A00819933 /* RKCell.swift */ = {isa = PBXFileReference; fileEncoding = 4; lastKnownFileType = sourcecode.swift; path = RKCell.swift; sourceTree = "<group>"; };
		65A5BE8B275D248A00819933 /* RKManager.swift */ = {isa = PBXFileReference; fileEncoding = 4; lastKnownFileType = sourcecode.swift; path = RKManager.swift; sourceTree = "<group>"; };
		65AB8D15276234FA00081B05 /* Info.plist */ = {isa = PBXFileReference; lastKnownFileType = text.plist; path = Info.plist; sourceTree = "<group>"; };
		65AB8D162762519300081B05 /* Step.swift */ = {isa = PBXFileReference; lastKnownFileType = sourcecode.swift; path = Step.swift; sourceTree = "<group>"; };
		65AB8D182762743800081B05 /* HealthKit.framework */ = {isa = PBXFileReference; lastKnownFileType = wrapper.framework; name = HealthKit.framework; path = System/Library/Frameworks/HealthKit.framework; sourceTree = SDKROOT; };
		65AB8D1D276274ED00081B05 /* USport.entitlements */ = {isa = PBXFileReference; lastKnownFileType = text.plist.entitlements; path = USport.entitlements; sourceTree = "<group>"; };
		65AB8D1E276361DE00081B05 /* Dashboard.swift */ = {isa = PBXFileReference; lastKnownFileType = sourcecode.swift; path = Dashboard.swift; sourceTree = "<group>"; };
		7DDB5D7F275F9ADD008B071D /* Healthkit.swift */ = {isa = PBXFileReference; lastKnownFileType = sourcecode.swift; path = Healthkit.swift; sourceTree = "<group>"; };
		7DFC1FCB275CC1AD00335F63 /* Profile.swift */ = {isa = PBXFileReference; lastKnownFileType = sourcecode.swift; path = Profile.swift; sourceTree = "<group>"; };
/* End PBXFileReference section */

/* Begin PBXFrameworksBuildPhase section */
		650C7C6C275A0C5F0096215D /* Frameworks */ = {
			isa = PBXFrameworksBuildPhase;
			buildActionMask = 2147483647;
			files = (
				655078FA275CCDA90034BACB /* SwiftUICharts in Frameworks */,
				1BFB2C832763713800E9A26E /* HealthKit.framework in Frameworks */,
			);
			runOnlyForDeploymentPostprocessing = 0;
		};
		650C7C7C275A0C620096215D /* Frameworks */ = {
			isa = PBXFrameworksBuildPhase;
			buildActionMask = 2147483647;
			files = (
			);
			runOnlyForDeploymentPostprocessing = 0;
		};
		650C7C86275A0C620096215D /* Frameworks */ = {
			isa = PBXFrameworksBuildPhase;
			buildActionMask = 2147483647;
			files = (
			);
			runOnlyForDeploymentPostprocessing = 0;
		};
/* End PBXFrameworksBuildPhase section */

/* Begin PBXGroup section */
		650C7C66275A0C5F0096215D = {
			isa = PBXGroup;
			children = (
				650C7C71275A0C5F0096215D /* USport */,
				650C7C82275A0C620096215D /* USportTests */,
				650C7C8C275A0C620096215D /* USportUITests */,
				650C7C70275A0C5F0096215D /* Products */,
				65BEAB64275CC165007381A8 /* Frameworks */,
			);
			sourceTree = "<group>";
		};
		650C7C70275A0C5F0096215D /* Products */ = {
			isa = PBXGroup;
			children = (
				650C7C6F275A0C5F0096215D /* USport.app */,
				650C7C7F275A0C620096215D /* USportTests.xctest */,
				650C7C89275A0C620096215D /* USportUITests.xctest */,
			);
			name = Products;
			sourceTree = "<group>";
		};
		650C7C71275A0C5F0096215D /* USport */ = {
			isa = PBXGroup;
			children = (
				65AB8D1D276274ED00081B05 /* USport.entitlements */,
				65AB8D15276234FA00081B05 /* Info.plist */,
				658439E0275F968100A8DAEE /* Model_CoreData */,
				650C7C72275A0C5F0096215D /* USportApp.swift */,
				65635FD4275A5FF00076A9C8 /* PreviewAPP.swift */,
				65635FD6275A69530076A9C8 /* ChoseSport.swift */,
				65635FD8275A696E0076A9C8 /* InsertData.swift */,
				65635FDA275A69870076A9C8 /* AddWorkout.swift */,
				65635FDC275A69C00076A9C8 /* EditWorkout.swift */,
				65AB8D1E276361DE00081B05 /* Dashboard.swift */,
				6529C441276486F90026F270 /* Homepage.swift */,
				1B8C6AC527620B6D00F2E7FC /* ViewController.swift */,
				1BEEFD9D275BA58D005A14CE /* History.swift */,
				655078FB275D1AC80034BACB /* History_Filter.swift */,
				7DFC1FCB275CC1AD00335F63 /* Profile.swift */,
				65687C80276132BD0098F38F /* AddWorkout_Profile.swift */,
				65687C82276132C50098F38F /* EditWorkout_Profile.swift */,
				1B8AE4CC275E54880021E9AA /* ChoseActivity.swift */,
				1B8AE4D0275E72730021E9AA /* EditActivity.swift */,
				1BEFC52E2760FAC700A508BA /* Notification.swift */,
				7DDB5D7F275F9ADD008B071D /* Healthkit.swift */,
				65AB8D162762519300081B05 /* Step.swift */,
				1B04606E275A6EC100F0BF22 /* ChoiceButton.swift */,
				650C7C76275A0C610096215D /* Assets.xcassets */,
				650C7C78275A0C610096215D /* Preview Content */,
				65A025432761F9E800F1C323 /* ManagerUser.swift */,
				6517FB2D275E3DE40090D2EC /* Manager_Kcal.swift */,
				6576E6AC275A14EB0022FD08 /* Sport.swift */,
				6576E6B0275A19340022FD08 /* Activity.swift */,
				6576E6B2275A19EB0022FD08 /* Workout.swift */,
				65687C842761333B0098F38F /* Workouts.swift */,
				65687C86276133580098F38F /* DrawingsWorkouts.swift */,
				65635FD2275A5EBC0076A9C8 /* User.swift */,
				65A5BE8A275D248A00819933 /* RKCell.swift */,
				65A5BE85275D248A00819933 /* RKColorSettings.swift */,
				65A5BE89275D248A00819933 /* RKDate.swift */,
				65A5BE8B275D248A00819933 /* RKManager.swift */,
				65A5BE87275D248A00819933 /* RKMonth.swift */,
				65A5BE88275D248A00819933 /* RKViewController.swift */,
				65A5BE86275D248A00819933 /* RKWeekdayHeader.swift */,
			);
			path = USport;
			sourceTree = "<group>";
		};
		650C7C78275A0C610096215D /* Preview Content */ = {
			isa = PBXGroup;
			children = (
				650C7C79275A0C610096215D /* Preview Assets.xcassets */,
			);
			path = "Preview Content";
			sourceTree = "<group>";
		};
		650C7C82275A0C620096215D /* USportTests */ = {
			isa = PBXGroup;
			children = (
				650C7C83275A0C620096215D /* USportTests.swift */,
			);
			path = USportTests;
			sourceTree = "<group>";
		};
		650C7C8C275A0C620096215D /* USportUITests */ = {
			isa = PBXGroup;
			children = (
				650C7C8D275A0C620096215D /* USportUITests.swift */,
				650C7C8F275A0C620096215D /* USportUITestsLaunchTests.swift */,
			);
			path = USportUITests;
			sourceTree = "<group>";
		};
		65687C8B276133C40098F38F /* User */ = {
			isa = PBXGroup;
			children = (
				1B6D884E27624F530000CAB3 /* USport_CoreData.xcdatamodeld */,
				65687C8D276133CE0098F38F /* UserCoreData+CoreDataClass.swift */,
				65687C8C276133CE0098F38F /* UserCoreData+CoreDataProperties.swift */,
			);
			path = User;
			sourceTree = "<group>";
		};
		658439E0275F968100A8DAEE /* Model_CoreData */ = {
			isa = PBXGroup;
			children = (
				65A0253E2761E60000F1C323 /* Activity */,
				65687C8B276133C40098F38F /* User */,
				658439DC275F967500A8DAEE /* Table_Cal_Daily+CoreDataClass.swift */,
				1B6D885127624F730000CAB3 /* USport_CoreData.xcdatamodeld */,
				658439DD275F967500A8DAEE /* Table_Cal_Daily+CoreDataProperties.swift */,
				658439E1275F973F00A8DAEE /* CoreDataManager.swift */,
			);
			path = Model_CoreData;
			sourceTree = "<group>";
		};
		65A0253E2761E60000F1C323 /* Activity */ = {
			isa = PBXGroup;
			children = (
				65A0253F2761E62900F1C323 /* ActivityCoreData+CoreDataClass.swift */,
				65A025402761E62900F1C323 /* ActivityCoreData+CoreDataProperties.swift */,
			);
			path = Activity;
			sourceTree = "<group>";
		};
		65BEAB64275CC165007381A8 /* Frameworks */ = {
			isa = PBXGroup;
			children = (
				65AB8D182762743800081B05 /* HealthKit.framework */,
			);
			name = Frameworks;
			sourceTree = "<group>";
		};
/* End PBXGroup section */

/* Begin PBXNativeTarget section */
		650C7C6E275A0C5F0096215D /* USport */ = {
			isa = PBXNativeTarget;
			buildConfigurationList = 650C7C93275A0C620096215D /* Build configuration list for PBXNativeTarget "USport" */;
			buildPhases = (
				650C7C6B275A0C5F0096215D /* Sources */,
				650C7C6C275A0C5F0096215D /* Frameworks */,
				650C7C6D275A0C5F0096215D /* Resources */,
			);
			buildRules = (
			);
			dependencies = (
			);
			name = USport;
			packageProductDependencies = (
				655078F9275CCDA90034BACB /* SwiftUICharts */,
			);
			productName = USport;
			productReference = 650C7C6F275A0C5F0096215D /* USport.app */;
			productType = "com.apple.product-type.application";
		};
		650C7C7E275A0C620096215D /* USportTests */ = {
			isa = PBXNativeTarget;
			buildConfigurationList = 650C7C96275A0C620096215D /* Build configuration list for PBXNativeTarget "USportTests" */;
			buildPhases = (
				650C7C7B275A0C620096215D /* Sources */,
				650C7C7C275A0C620096215D /* Frameworks */,
				650C7C7D275A0C620096215D /* Resources */,
			);
			buildRules = (
			);
			dependencies = (
				650C7C81275A0C620096215D /* PBXTargetDependency */,
			);
			name = USportTests;
			productName = USportTests;
			productReference = 650C7C7F275A0C620096215D /* USportTests.xctest */;
			productType = "com.apple.product-type.bundle.unit-test";
		};
		650C7C88275A0C620096215D /* USportUITests */ = {
			isa = PBXNativeTarget;
			buildConfigurationList = 650C7C99275A0C620096215D /* Build configuration list for PBXNativeTarget "USportUITests" */;
			buildPhases = (
				650C7C85275A0C620096215D /* Sources */,
				650C7C86275A0C620096215D /* Frameworks */,
				650C7C87275A0C620096215D /* Resources */,
			);
			buildRules = (
			);
			dependencies = (
				650C7C8B275A0C620096215D /* PBXTargetDependency */,
			);
			name = USportUITests;
			productName = USportUITests;
			productReference = 650C7C89275A0C620096215D /* USportUITests.xctest */;
			productType = "com.apple.product-type.bundle.ui-testing";
		};
/* End PBXNativeTarget section */

/* Begin PBXProject section */
		650C7C67275A0C5F0096215D /* Project object */ = {
			isa = PBXProject;
			attributes = {
				BuildIndependentTargetsInParallel = 1;
				LastSwiftUpdateCheck = 1310;
				LastUpgradeCheck = 1310;
				TargetAttributes = {
					650C7C6E275A0C5F0096215D = {
						CreatedOnToolsVersion = 13.1;
					};
					650C7C7E275A0C620096215D = {
						CreatedOnToolsVersion = 13.1;
						TestTargetID = 650C7C6E275A0C5F0096215D;
					};
					650C7C88275A0C620096215D = {
						CreatedOnToolsVersion = 13.1;
						TestTargetID = 650C7C6E275A0C5F0096215D;
					};
				};
			};
			buildConfigurationList = 650C7C6A275A0C5F0096215D /* Build configuration list for PBXProject "USport" */;
			compatibilityVersion = "Xcode 13.0";
			developmentRegion = en;
			hasScannedForEncodings = 0;
			knownRegions = (
				en,
				Base,
			);
			mainGroup = 650C7C66275A0C5F0096215D;
			packageReferences = (
				655078F8275CCDA90034BACB /* XCRemoteSwiftPackageReference "ChartView" */,
			);
			productRefGroup = 650C7C70275A0C5F0096215D /* Products */;
			projectDirPath = "";
			projectRoot = "";
			targets = (
				650C7C6E275A0C5F0096215D /* USport */,
				650C7C7E275A0C620096215D /* USportTests */,
				650C7C88275A0C620096215D /* USportUITests */,
			);
		};
/* End PBXProject section */

/* Begin PBXResourcesBuildPhase section */
		650C7C6D275A0C5F0096215D /* Resources */ = {
			isa = PBXResourcesBuildPhase;
			buildActionMask = 2147483647;
			files = (
				650C7C7A275A0C610096215D /* Preview Assets.xcassets in Resources */,
				650C7C77275A0C610096215D /* Assets.xcassets in Resources */,
			);
			runOnlyForDeploymentPostprocessing = 0;
		};
		650C7C7D275A0C620096215D /* Resources */ = {
			isa = PBXResourcesBuildPhase;
			buildActionMask = 2147483647;
			files = (
			);
			runOnlyForDeploymentPostprocessing = 0;
		};
		650C7C87275A0C620096215D /* Resources */ = {
			isa = PBXResourcesBuildPhase;
			buildActionMask = 2147483647;
			files = (
			);
			runOnlyForDeploymentPostprocessing = 0;
		};
/* End PBXResourcesBuildPhase section */

/* Begin PBXSourcesBuildPhase section */
		650C7C6B275A0C5F0096215D /* Sources */ = {
			isa = PBXSourcesBuildPhase;
			buildActionMask = 2147483647;
			files = (
				65A5BE8F275D248A00819933 /* RKWeekdayHeader.swift in Sources */,
				65A025412761E62900F1C323 /* ActivityCoreData+CoreDataClass.swift in Sources */,
				655078FC275D1AC80034BACB /* History_Filter.swift in Sources */,
				65A5BE92275D248A00819933 /* RKMonth.swift in Sources */,
				65687C8F276133CE0098F38F /* UserCoreData+CoreDataClass.swift in Sources */,
				7DFC1FCC275CC1AD00335F63 /* Profile.swift in Sources */,
				1B8AE4D1275E72730021E9AA /* EditActivity.swift in Sources */,
				65A5BE9B275D248A00819933 /* RKCell.swift in Sources */,
				65687C87276133580098F38F /* DrawingsWorkouts.swift in Sources */,
				6576E6B1275A19340022FD08 /* Activity.swift in Sources */,
				658439DF275F967500A8DAEE /* Table_Cal_Daily+CoreDataProperties.swift in Sources */,
				1B6D885327624F730000CAB3 /* USport_CoreData.xcdatamodeld in Sources */,
				65AB8D1F276361DE00081B05 /* Dashboard.swift in Sources */,
				6517FB2E275E3DE40090D2EC /* Manager_Kcal.swift in Sources */,
				65635FDD275A69C00076A9C8 /* EditWorkout.swift in Sources */,
				1B04606F275A6EC100F0BF22 /* ChoiceButton.swift in Sources */,
				65A5BE98275D248A00819933 /* RKDate.swift in Sources */,
				6529C442276486F90026F270 /* Homepage.swift in Sources */,
				65AB8D172762519300081B05 /* Step.swift in Sources */,
				65A5BE8C275D248A00819933 /* RKColorSettings.swift in Sources */,
				1BEFC52F2760FAC700A508BA /* Notification.swift in Sources */,
				65687C8E276133CE0098F38F /* UserCoreData+CoreDataProperties.swift in Sources */,
				65687C83276132C50098F38F /* EditWorkout_Profile.swift in Sources */,
				1B8C6AC627620B6D00F2E7FC /* ViewController.swift in Sources */,
				65635FD9275A696E0076A9C8 /* InsertData.swift in Sources */,
				65A025442761F9E800F1C323 /* ManagerUser.swift in Sources */,
				65635FD7275A69530076A9C8 /* ChoseSport.swift in Sources */,
				1B8AE4CD275E54890021E9AA /* ChoseActivity.swift in Sources */,
				65687C81276132BD0098F38F /* AddWorkout_Profile.swift in Sources */,
				65A025422761E62900F1C323 /* ActivityCoreData+CoreDataProperties.swift in Sources */,
				6576E6AD275A14EB0022FD08 /* Sport.swift in Sources */,
				658439E2275F973F00A8DAEE /* CoreDataManager.swift in Sources */,
				1BEEFD9E275BA58D005A14CE /* History.swift in Sources */,
				65635FD5275A5FF00076A9C8 /* PreviewAPP.swift in Sources */,
				650C7C73275A0C5F0096215D /* USportApp.swift in Sources */,
				658439DE275F967500A8DAEE /* Table_Cal_Daily+CoreDataClass.swift in Sources */,
				65687C852761333B0098F38F /* Workouts.swift in Sources */,
				6576E6B3275A19EB0022FD08 /* Workout.swift in Sources */,
				65A5BE95275D248A00819933 /* RKViewController.swift in Sources */,
				65A5BE9E275D248A00819933 /* RKManager.swift in Sources */,
				65635FD3275A5EBC0076A9C8 /* User.swift in Sources */,
				7DDB5D80275F9ADD008B071D /* Healthkit.swift in Sources */,
				65635FDB275A69870076A9C8 /* AddWorkout.swift in Sources */,
			);
			runOnlyForDeploymentPostprocessing = 0;
		};
		650C7C7B275A0C620096215D /* Sources */ = {
			isa = PBXSourcesBuildPhase;
			buildActionMask = 2147483647;
			files = (
				650C7C84275A0C620096215D /* USportTests.swift in Sources */,
				65A5BE96275D248A00819933 /* RKViewController.swift in Sources */,
				65A5BE9F275D248A00819933 /* RKManager.swift in Sources */,
				65A5BE8D275D248A00819933 /* RKColorSettings.swift in Sources */,
				65A5BE90275D248A00819933 /* RKWeekdayHeader.swift in Sources */,
				65A5BE99275D248A00819933 /* RKDate.swift in Sources */,
				65A5BE9C275D248A00819933 /* RKCell.swift in Sources */,
				65A5BE93275D248A00819933 /* RKMonth.swift in Sources */,
			);
			runOnlyForDeploymentPostprocessing = 0;
		};
		650C7C85275A0C620096215D /* Sources */ = {
			isa = PBXSourcesBuildPhase;
			buildActionMask = 2147483647;
			files = (
				65A5BE91275D248A00819933 /* RKWeekdayHeader.swift in Sources */,
				65A5BE97275D248A00819933 /* RKViewController.swift in Sources */,
				650C7C8E275A0C620096215D /* USportUITests.swift in Sources */,
				65A5BEA0275D248A00819933 /* RKManager.swift in Sources */,
				65A5BE94275D248A00819933 /* RKMonth.swift in Sources */,
				65A5BE9D275D248A00819933 /* RKCell.swift in Sources */,
				650C7C90275A0C620096215D /* USportUITestsLaunchTests.swift in Sources */,
				65A5BE9A275D248A00819933 /* RKDate.swift in Sources */,
				65A5BE8E275D248A00819933 /* RKColorSettings.swift in Sources */,
			);
			runOnlyForDeploymentPostprocessing = 0;
		};
/* End PBXSourcesBuildPhase section */

/* Begin PBXTargetDependency section */
		650C7C81275A0C620096215D /* PBXTargetDependency */ = {
			isa = PBXTargetDependency;
			target = 650C7C6E275A0C5F0096215D /* USport */;
			targetProxy = 650C7C80275A0C620096215D /* PBXContainerItemProxy */;
		};
		650C7C8B275A0C620096215D /* PBXTargetDependency */ = {
			isa = PBXTargetDependency;
			target = 650C7C6E275A0C5F0096215D /* USport */;
			targetProxy = 650C7C8A275A0C620096215D /* PBXContainerItemProxy */;
		};
/* End PBXTargetDependency section */

/* Begin XCBuildConfiguration section */
		650C7C91275A0C620096215D /* Debug */ = {
			isa = XCBuildConfiguration;
			buildSettings = {
				ALWAYS_SEARCH_USER_PATHS = NO;
				CLANG_ANALYZER_NONNULL = YES;
				CLANG_ANALYZER_NUMBER_OBJECT_CONVERSION = YES_AGGRESSIVE;
				CLANG_CXX_LANGUAGE_STANDARD = "gnu++17";
				CLANG_CXX_LIBRARY = "libc++";
				CLANG_ENABLE_MODULES = YES;
				CLANG_ENABLE_OBJC_ARC = YES;
				CLANG_ENABLE_OBJC_WEAK = YES;
				CLANG_WARN_BLOCK_CAPTURE_AUTORELEASING = YES;
				CLANG_WARN_BOOL_CONVERSION = YES;
				CLANG_WARN_COMMA = YES;
				CLANG_WARN_CONSTANT_CONVERSION = YES;
				CLANG_WARN_DEPRECATED_OBJC_IMPLEMENTATIONS = YES;
				CLANG_WARN_DIRECT_OBJC_ISA_USAGE = YES_ERROR;
				CLANG_WARN_DOCUMENTATION_COMMENTS = YES;
				CLANG_WARN_EMPTY_BODY = YES;
				CLANG_WARN_ENUM_CONVERSION = YES;
				CLANG_WARN_INFINITE_RECURSION = YES;
				CLANG_WARN_INT_CONVERSION = YES;
				CLANG_WARN_NON_LITERAL_NULL_CONVERSION = YES;
				CLANG_WARN_OBJC_IMPLICIT_RETAIN_SELF = YES;
				CLANG_WARN_OBJC_LITERAL_CONVERSION = YES;
				CLANG_WARN_OBJC_ROOT_CLASS = YES_ERROR;
				CLANG_WARN_QUOTED_INCLUDE_IN_FRAMEWORK_HEADER = YES;
				CLANG_WARN_RANGE_LOOP_ANALYSIS = YES;
				CLANG_WARN_STRICT_PROTOTYPES = YES;
				CLANG_WARN_SUSPICIOUS_MOVE = YES;
				CLANG_WARN_UNGUARDED_AVAILABILITY = YES_AGGRESSIVE;
				CLANG_WARN_UNREACHABLE_CODE = YES;
				CLANG_WARN__DUPLICATE_METHOD_MATCH = YES;
				COPY_PHASE_STRIP = NO;
				DEBUG_INFORMATION_FORMAT = dwarf;
				ENABLE_STRICT_OBJC_MSGSEND = YES;
				ENABLE_TESTABILITY = YES;
				FRAMEWORK_SEARCH_PATHS = "values>/**";
				"FRAMEWORK_SEARCH_PATHS[arch=*]" = "$(PROJECT_DIR)";
				GCC_C_LANGUAGE_STANDARD = gnu11;
				GCC_DYNAMIC_NO_PIC = NO;
				GCC_NO_COMMON_BLOCKS = YES;
				GCC_OPTIMIZATION_LEVEL = 0;
				GCC_PREPROCESSOR_DEFINITIONS = (
					"DEBUG=1",
					"$(inherited)",
				);
				GCC_WARN_64_TO_32_BIT_CONVERSION = YES;
				GCC_WARN_ABOUT_RETURN_TYPE = YES_ERROR;
				GCC_WARN_UNDECLARED_SELECTOR = YES;
				GCC_WARN_UNINITIALIZED_AUTOS = YES_AGGRESSIVE;
				GCC_WARN_UNUSED_FUNCTION = YES;
				GCC_WARN_UNUSED_VARIABLE = YES;
				IPHONEOS_DEPLOYMENT_TARGET = 15.0;
				MTL_ENABLE_DEBUG_INFO = INCLUDE_SOURCE;
				MTL_FAST_MATH = YES;
				ONLY_ACTIVE_ARCH = YES;
				SDKROOT = iphoneos;
				SWIFT_ACTIVE_COMPILATION_CONDITIONS = DEBUG;
				SWIFT_OPTIMIZATION_LEVEL = "-Onone";
				"SYSTEM_FRAMEWORK_SEARCH_PATHS[arch=*]" = "";
			};
			name = Debug;
		};
		650C7C92275A0C620096215D /* Release */ = {
			isa = XCBuildConfiguration;
			buildSettings = {
				ALWAYS_SEARCH_USER_PATHS = NO;
				CLANG_ANALYZER_NONNULL = YES;
				CLANG_ANALYZER_NUMBER_OBJECT_CONVERSION = YES_AGGRESSIVE;
				CLANG_CXX_LANGUAGE_STANDARD = "gnu++17";
				CLANG_CXX_LIBRARY = "libc++";
				CLANG_ENABLE_MODULES = YES;
				CLANG_ENABLE_OBJC_ARC = YES;
				CLANG_ENABLE_OBJC_WEAK = YES;
				CLANG_WARN_BLOCK_CAPTURE_AUTORELEASING = YES;
				CLANG_WARN_BOOL_CONVERSION = YES;
				CLANG_WARN_COMMA = YES;
				CLANG_WARN_CONSTANT_CONVERSION = YES;
				CLANG_WARN_DEPRECATED_OBJC_IMPLEMENTATIONS = YES;
				CLANG_WARN_DIRECT_OBJC_ISA_USAGE = YES_ERROR;
				CLANG_WARN_DOCUMENTATION_COMMENTS = YES;
				CLANG_WARN_EMPTY_BODY = YES;
				CLANG_WARN_ENUM_CONVERSION = YES;
				CLANG_WARN_INFINITE_RECURSION = YES;
				CLANG_WARN_INT_CONVERSION = YES;
				CLANG_WARN_NON_LITERAL_NULL_CONVERSION = YES;
				CLANG_WARN_OBJC_IMPLICIT_RETAIN_SELF = YES;
				CLANG_WARN_OBJC_LITERAL_CONVERSION = YES;
				CLANG_WARN_OBJC_ROOT_CLASS = YES_ERROR;
				CLANG_WARN_QUOTED_INCLUDE_IN_FRAMEWORK_HEADER = YES;
				CLANG_WARN_RANGE_LOOP_ANALYSIS = YES;
				CLANG_WARN_STRICT_PROTOTYPES = YES;
				CLANG_WARN_SUSPICIOUS_MOVE = YES;
				CLANG_WARN_UNGUARDED_AVAILABILITY = YES_AGGRESSIVE;
				CLANG_WARN_UNREACHABLE_CODE = YES;
				CLANG_WARN__DUPLICATE_METHOD_MATCH = YES;
				COPY_PHASE_STRIP = NO;
				DEBUG_INFORMATION_FORMAT = "dwarf-with-dsym";
				ENABLE_NS_ASSERTIONS = NO;
				ENABLE_STRICT_OBJC_MSGSEND = YES;
				FRAMEWORK_SEARCH_PATHS = "values>/**";
				"FRAMEWORK_SEARCH_PATHS[arch=*]" = "$(PROJECT_DIR)";
				GCC_C_LANGUAGE_STANDARD = gnu11;
				GCC_NO_COMMON_BLOCKS = YES;
				GCC_WARN_64_TO_32_BIT_CONVERSION = YES;
				GCC_WARN_ABOUT_RETURN_TYPE = YES_ERROR;
				GCC_WARN_UNDECLARED_SELECTOR = YES;
				GCC_WARN_UNINITIALIZED_AUTOS = YES_AGGRESSIVE;
				GCC_WARN_UNUSED_FUNCTION = YES;
				GCC_WARN_UNUSED_VARIABLE = YES;
				IPHONEOS_DEPLOYMENT_TARGET = 15.0;
				MTL_ENABLE_DEBUG_INFO = NO;
				MTL_FAST_MATH = YES;
				SDKROOT = iphoneos;
				SWIFT_COMPILATION_MODE = wholemodule;
				SWIFT_OPTIMIZATION_LEVEL = "-O";
				VALIDATE_PRODUCT = YES;
			};
			name = Release;
		};
		650C7C94275A0C620096215D /* Debug */ = {
			isa = XCBuildConfiguration;
			buildSettings = {
				ASSETCATALOG_COMPILER_APPICON_NAME = AppIcon;
				ASSETCATALOG_COMPILER_GLOBAL_ACCENT_COLOR_NAME = AccentColor;
				CODE_SIGN_ENTITLEMENTS = USport/USport.entitlements;
				CODE_SIGN_STYLE = Automatic;
				CURRENT_PROJECT_VERSION = 1;
				DEVELOPMENT_ASSET_PATHS = "\"USport/Preview Content\"";
				DEVELOPMENT_TEAM = M3672A53US;
				ENABLE_PREVIEWS = YES;
				GENERATE_INFOPLIST_FILE = YES;
				INFOPLIST_FILE = USport/Info.plist;
				INFOPLIST_KEY_NSHealthShareUsageDescription = "This app requires to access your Health data";
				INFOPLIST_KEY_NSHealthUpdateUsageDescription = "This app requires to access your Health data";
				INFOPLIST_KEY_UIApplicationSceneManifest_Generation = YES;
				INFOPLIST_KEY_UIApplicationSupportsIndirectInputEvents = YES;
				INFOPLIST_KEY_UILaunchScreen_Generation = YES;
				INFOPLIST_KEY_UISupportedInterfaceOrientations_iPad = "UIInterfaceOrientationPortrait UIInterfaceOrientationPortraitUpsideDown UIInterfaceOrientationLandscapeLeft UIInterfaceOrientationLandscapeRight";
				INFOPLIST_KEY_UISupportedInterfaceOrientations_iPhone = "UIInterfaceOrientationPortrait UIInterfaceOrientationLandscapeLeft UIInterfaceOrientationLandscapeRight";
				LD_RUNPATH_SEARCH_PATHS = (
					"$(inherited)",
					"@executable_path/Frameworks",
				);
				MARKETING_VERSION = 1.0;
				PRODUCT_BUNDLE_IDENTIFIER = "Alessandro-TeamB-iOS-Programming.USport";
				PRODUCT_NAME = "$(TARGET_NAME)";
				SWIFT_EMIT_LOC_STRINGS = YES;
				SWIFT_VERSION = 5.0;
				TARGETED_DEVICE_FAMILY = "1,2";
			};
			name = Debug;
		};
		650C7C95275A0C620096215D /* Release */ = {
			isa = XCBuildConfiguration;
			buildSettings = {
				ASSETCATALOG_COMPILER_APPICON_NAME = AppIcon;
				ASSETCATALOG_COMPILER_GLOBAL_ACCENT_COLOR_NAME = AccentColor;
				CODE_SIGN_ENTITLEMENTS = USport/USport.entitlements;
				CODE_SIGN_STYLE = Automatic;
				CURRENT_PROJECT_VERSION = 1;
				DEVELOPMENT_ASSET_PATHS = "\"USport/Preview Content\"";
				DEVELOPMENT_TEAM = M3672A53US;
				ENABLE_PREVIEWS = YES;
				GENERATE_INFOPLIST_FILE = YES;
				INFOPLIST_FILE = USport/Info.plist;
				INFOPLIST_KEY_NSHealthShareUsageDescription = "This app requires to access your Health data";
				INFOPLIST_KEY_NSHealthUpdateUsageDescription = "This app requires to access your Health data";
				INFOPLIST_KEY_UIApplicationSceneManifest_Generation = YES;
				INFOPLIST_KEY_UIApplicationSupportsIndirectInputEvents = YES;
				INFOPLIST_KEY_UILaunchScreen_Generation = YES;
				INFOPLIST_KEY_UISupportedInterfaceOrientations_iPad = "UIInterfaceOrientationPortrait UIInterfaceOrientationPortraitUpsideDown UIInterfaceOrientationLandscapeLeft UIInterfaceOrientationLandscapeRight";
				INFOPLIST_KEY_UISupportedInterfaceOrientations_iPhone = "UIInterfaceOrientationPortrait UIInterfaceOrientationLandscapeLeft UIInterfaceOrientationLandscapeRight";
				LD_RUNPATH_SEARCH_PATHS = (
					"$(inherited)",
					"@executable_path/Frameworks",
				);
				MARKETING_VERSION = 1.0;
				PRODUCT_BUNDLE_IDENTIFIER = "Alessandro-TeamB-iOS-Programming.USport";
				PRODUCT_NAME = "$(TARGET_NAME)";
				SWIFT_EMIT_LOC_STRINGS = YES;
				SWIFT_VERSION = 5.0;
				TARGETED_DEVICE_FAMILY = "1,2";
			};
			name = Release;
		};
		650C7C97275A0C620096215D /* Debug */ = {
			isa = XCBuildConfiguration;
			buildSettings = {
				ALWAYS_EMBED_SWIFT_STANDARD_LIBRARIES = YES;
				BUNDLE_LOADER = "$(TEST_HOST)";
				CODE_SIGN_STYLE = Automatic;
				CURRENT_PROJECT_VERSION = 1;
				DEVELOPMENT_TEAM = M3672A53US;
				GENERATE_INFOPLIST_FILE = YES;
				IPHONEOS_DEPLOYMENT_TARGET = 15.0;
				LD_RUNPATH_SEARCH_PATHS = (
					"$(inherited)",
					"@executable_path/Frameworks",
					"@loader_path/Frameworks",
				);
				MARKETING_VERSION = 1.0;
				PRODUCT_BUNDLE_IDENTIFIER = "TeamB-iOS-Programming.USportTests";
				PRODUCT_NAME = "$(TARGET_NAME)";
				SWIFT_EMIT_LOC_STRINGS = NO;
				SWIFT_VERSION = 5.0;
				TARGETED_DEVICE_FAMILY = "1,2";
				TEST_HOST = "$(BUILT_PRODUCTS_DIR)/USport.app/USport";
			};
			name = Debug;
		};
		650C7C98275A0C620096215D /* Release */ = {
			isa = XCBuildConfiguration;
			buildSettings = {
				ALWAYS_EMBED_SWIFT_STANDARD_LIBRARIES = YES;
				BUNDLE_LOADER = "$(TEST_HOST)";
				CODE_SIGN_STYLE = Automatic;
				CURRENT_PROJECT_VERSION = 1;
				DEVELOPMENT_TEAM = M3672A53US;
				GENERATE_INFOPLIST_FILE = YES;
				IPHONEOS_DEPLOYMENT_TARGET = 15.0;
				LD_RUNPATH_SEARCH_PATHS = (
					"$(inherited)",
					"@executable_path/Frameworks",
					"@loader_path/Frameworks",
				);
				MARKETING_VERSION = 1.0;
				PRODUCT_BUNDLE_IDENTIFIER = "TeamB-iOS-Programming.USportTests";
				PRODUCT_NAME = "$(TARGET_NAME)";
				SWIFT_EMIT_LOC_STRINGS = NO;
				SWIFT_VERSION = 5.0;
				TARGETED_DEVICE_FAMILY = "1,2";
				TEST_HOST = "$(BUILT_PRODUCTS_DIR)/USport.app/USport";
			};
			name = Release;
		};
		650C7C9A275A0C620096215D /* Debug */ = {
			isa = XCBuildConfiguration;
			buildSettings = {
				ALWAYS_EMBED_SWIFT_STANDARD_LIBRARIES = YES;
				CODE_SIGN_STYLE = Automatic;
				CURRENT_PROJECT_VERSION = 1;
				DEVELOPMENT_TEAM = M3672A53US;
				GENERATE_INFOPLIST_FILE = YES;
				LD_RUNPATH_SEARCH_PATHS = (
					"$(inherited)",
					"@executable_path/Frameworks",
					"@loader_path/Frameworks",
				);
				MARKETING_VERSION = 1.0;
				PRODUCT_BUNDLE_IDENTIFIER = "TeamB-iOS-Programming.USportUITests";
				PRODUCT_NAME = "$(TARGET_NAME)";
				SWIFT_EMIT_LOC_STRINGS = NO;
				SWIFT_VERSION = 5.0;
				TARGETED_DEVICE_FAMILY = "1,2";
				TEST_TARGET_NAME = USport;
			};
			name = Debug;
		};
		650C7C9B275A0C620096215D /* Release */ = {
			isa = XCBuildConfiguration;
			buildSettings = {
				ALWAYS_EMBED_SWIFT_STANDARD_LIBRARIES = YES;
				CODE_SIGN_STYLE = Automatic;
				CURRENT_PROJECT_VERSION = 1;
				DEVELOPMENT_TEAM = M3672A53US;
				GENERATE_INFOPLIST_FILE = YES;
				LD_RUNPATH_SEARCH_PATHS = (
					"$(inherited)",
					"@executable_path/Frameworks",
					"@loader_path/Frameworks",
				);
				MARKETING_VERSION = 1.0;
				PRODUCT_BUNDLE_IDENTIFIER = "TeamB-iOS-Programming.USportUITests";
				PRODUCT_NAME = "$(TARGET_NAME)";
				SWIFT_EMIT_LOC_STRINGS = NO;
				SWIFT_VERSION = 5.0;
				TARGETED_DEVICE_FAMILY = "1,2";
				TEST_TARGET_NAME = USport;
			};
			name = Release;
		};
/* End XCBuildConfiguration section */

/* Begin XCConfigurationList section */
		650C7C6A275A0C5F0096215D /* Build configuration list for PBXProject "USport" */ = {
			isa = XCConfigurationList;
			buildConfigurations = (
				650C7C91275A0C620096215D /* Debug */,
				650C7C92275A0C620096215D /* Release */,
			);
			defaultConfigurationIsVisible = 0;
			defaultConfigurationName = Release;
		};
		650C7C93275A0C620096215D /* Build configuration list for PBXNativeTarget "USport" */ = {
			isa = XCConfigurationList;
			buildConfigurations = (
				650C7C94275A0C620096215D /* Debug */,
				650C7C95275A0C620096215D /* Release */,
			);
			defaultConfigurationIsVisible = 0;
			defaultConfigurationName = Release;
		};
		650C7C96275A0C620096215D /* Build configuration list for PBXNativeTarget "USportTests" */ = {
			isa = XCConfigurationList;
			buildConfigurations = (
				650C7C97275A0C620096215D /* Debug */,
				650C7C98275A0C620096215D /* Release */,
			);
			defaultConfigurationIsVisible = 0;
			defaultConfigurationName = Release;
		};
		650C7C99275A0C620096215D /* Build configuration list for PBXNativeTarget "USportUITests" */ = {
			isa = XCConfigurationList;
			buildConfigurations = (
				650C7C9A275A0C620096215D /* Debug */,
				650C7C9B275A0C620096215D /* Release */,
			);
			defaultConfigurationIsVisible = 0;
			defaultConfigurationName = Release;
		};
/* End XCConfigurationList section */

/* Begin XCRemoteSwiftPackageReference section */
		655078F8275CCDA90034BACB /* XCRemoteSwiftPackageReference "ChartView" */ = {
			isa = XCRemoteSwiftPackageReference;
			repositoryURL = "https://github.com/AppPear/ChartView";
			requirement = {
				kind = upToNextMajorVersion;
				minimumVersion = 1.5.4;
			};
		};
/* End XCRemoteSwiftPackageReference section */

/* Begin XCSwiftPackageProductDependency section */
		655078F9275CCDA90034BACB /* SwiftUICharts */ = {
			isa = XCSwiftPackageProductDependency;
			package = 655078F8275CCDA90034BACB /* XCRemoteSwiftPackageReference "ChartView" */;
			productName = SwiftUICharts;
		};
/* End XCSwiftPackageProductDependency section */

/* Begin XCVersionGroup section */
		1B6D884E27624F530000CAB3 /* USport_CoreData.xcdatamodeld */ = {
			isa = XCVersionGroup;
			children = (
				1B6D884F27624F530000CAB3 /* USport_CoreData.xcdatamodel */,
			);
			currentVersion = 1B6D884F27624F530000CAB3 /* USport_CoreData.xcdatamodel */;
			name = USport_CoreData.xcdatamodeld;
			path = ../USport_CoreData.xcdatamodeld;
			sourceTree = "<group>";
			versionGroupType = wrapper.xcdatamodel;
		};
		1B6D885127624F730000CAB3 /* USport_CoreData.xcdatamodeld */ = {
			isa = XCVersionGroup;
			children = (
				1B6D885227624F730000CAB3 /* USport_CoreData.xcdatamodel */,
			);
			currentVersion = 1B6D885227624F730000CAB3 /* USport_CoreData.xcdatamodel */;
			path = USport_CoreData.xcdatamodeld;
			sourceTree = "<group>";
			versionGroupType = wrapper.xcdatamodel;
		};
/* End XCVersionGroup section */
	};
	rootObject = 650C7C67275A0C5F0096215D /* Project object */;
}
